
Microsoft Visual Studio Solution File, Format Version 12.00
# Visual Studio Version 17
VisualStudioVersion = 17.1.32407.343
MinimumVisualStudioVersion = 10.0.40219.1
Project("{9A19103F-16F7-4668-BE54-9A1E7A4F7556}") = "Cognizant.Training.OrderProcessing.API", "Cognizant.Training.OrderProcessing.API\Cognizant.Training.OrderProcessing.API.csproj", "{B09F9758-D969-4027-A4E9-C9995B2AA4F7}"
EndProject
Project("{FAE04EC0-301F-11D3-BF4B-00C04F79EFBC}") = "Cognizant.Training.OrderProcessing.Functions", "Cognizant.Training.OrderProcessing.Functions\Cognizant.Training.OrderProcessing.Functions.csproj", "{9A9BC33E-556F-4D72-8141-231200C021EF}"
EndProject
Global
	GlobalSection(SolutionConfigurationPlatforms) = preSolution
		Debug|Any CPU = Debug|Any CPU
		Release|Any CPU = Release|Any CPU
	EndGlobalSection
	GlobalSection(ProjectConfigurationPlatforms) = postSolution
		{B09F9758-D969-4027-A4E9-C9995B2AA4F7}.Debug|Any CPU.ActiveCfg = Debug|Any CPU
		{B09F9758-D969-4027-A4E9-C9995B2AA4F7}.Debug|Any CPU.Build.0 = Debug|Any CPU
		{B09F9758-D969-4027-A4E9-C9995B2AA4F7}.Release|Any CPU.ActiveCfg = Release|Any CPU
		{B09F9758-D969-4027-A4E9-C9995B2AA4F7}.Release|Any CPU.Build.0 = Release|Any CPU
		{9A9BC33E-556F-4D72-8141-231200C021EF}.Debug|Any CPU.ActiveCfg = Debug|Any CPU
		{9A9BC33E-556F-4D72-8141-231200C021EF}.Debug|Any CPU.Build.0 = Debug|Any CPU
		{9A9BC33E-556F-4D72-8141-231200C021EF}.Release|Any CPU.ActiveCfg = Release|Any CPU
		{9A9BC33E-556F-4D72-8141-231200C021EF}.Release|Any CPU.Build.0 = Release|Any CPU
	EndGlobalSection
	GlobalSection(SolutionProperties) = preSolution
		HideSolutionNode = FALSE
	EndGlobalSection
	GlobalSection(ExtensibilityGlobals) = postSolution
		SolutionGuid = {77CA4560-99E3-4E6F-B052-4AE11F6FAB02}
	EndGlobalSection
EndGlobal
